// !$*UTF8*$!
{
	archiveVersion = 1;
	classes = {
	};
	objectVersion = 56;
	objects = {

/* Begin PBXBuildFile section */
		462640062B7F90EF00F5F22C /* RickAndMortyTaskApp.swift in Sources */ = {isa = PBXBuildFile; fileRef = 462640052B7F90EF00F5F22C /* RickAndMortyTaskApp.swift */; };
		462640082B7F90EF00F5F22C /* ContentView.swift in Sources */ = {isa = PBXBuildFile; fileRef = 462640072B7F90EF00F5F22C /* ContentView.swift */; };
		4626400A2B7F90EF00F5F22C /* Assets.xcassets in Resources */ = {isa = PBXBuildFile; fileRef = 462640092B7F90EF00F5F22C /* Assets.xcassets */; };
		4626400D2B7F90EF00F5F22C /* Preview Assets.xcassets in Resources */ = {isa = PBXBuildFile; fileRef = 4626400C2B7F90EF00F5F22C /* Preview Assets.xcassets */; };
		462640152B7F918800F5F22C /* Models.swift in Sources */ = {isa = PBXBuildFile; fileRef = 462640142B7F918800F5F22C /* Models.swift */; };
		462640172B7F971100F5F22C /* APIManager.swift in Sources */ = {isa = PBXBuildFile; fileRef = 462640162B7F971100F5F22C /* APIManager.swift */; };
		4626401A2B7F997300F5F22C /* CharactersListView.swift in Sources */ = {isa = PBXBuildFile; fileRef = 462640192B7F997300F5F22C /* CharactersListView.swift */; };
		4626401C2B7F998000F5F22C /* CharactersListViewModel.swift in Sources */ = {isa = PBXBuildFile; fileRef = 4626401B2B7F998000F5F22C /* CharactersListViewModel.swift */; };
		4626401E2B7FA3C300F5F22C /* CharactersListCell.swift in Sources */ = {isa = PBXBuildFile; fileRef = 4626401D2B7FA3C300F5F22C /* CharactersListCell.swift */; };
		462640202B7FC22000F5F22C /* CharactersDetailsView.swift in Sources */ = {isa = PBXBuildFile; fileRef = 4626401F2B7FC22000F5F22C /* CharactersDetailsView.swift */; };
		462640242B80AC9A00F5F22C /* EpisodeCellView.swift in Sources */ = {isa = PBXBuildFile; fileRef = 462640232B80AC9A00F5F22C /* EpisodeCellView.swift */; };
		462640262B80AE1700F5F22C /* EpisodeDetailsView.swift in Sources */ = {isa = PBXBuildFile; fileRef = 462640252B80AE1700F5F22C /* EpisodeDetailsView.swift */; };
		462640282B80D5F500F5F22C /* CharacterDetailsViewModel.swift in Sources */ = {isa = PBXBuildFile; fileRef = 462640272B80D5F500F5F22C /* CharacterDetailsViewModel.swift */; };
		4626402A2B80DF8600F5F22C /* EpisodeDetailsViewModel.swift in Sources */ = {isa = PBXBuildFile; fileRef = 462640292B80DF8600F5F22C /* EpisodeDetailsViewModel.swift */; };
/* End PBXBuildFile section */

/* Begin PBXFileReference section */
		462640022B7F90EF00F5F22C /* RickAndMortyTask.app */ = {isa = PBXFileReference; explicitFileType = wrapper.application; includeInIndex = 0; path = RickAndMortyTask.app; sourceTree = BUILT_PRODUCTS_DIR; };
		462640052B7F90EF00F5F22C /* RickAndMortyTaskApp.swift */ = {isa = PBXFileReference; lastKnownFileType = sourcecode.swift; path = RickAndMortyTaskApp.swift; sourceTree = "<group>"; };
		462640072B7F90EF00F5F22C /* ContentView.swift */ = {isa = PBXFileReference; lastKnownFileType = sourcecode.swift; path = ContentView.swift; sourceTree = "<group>"; };
		462640092B7F90EF00F5F22C /* Assets.xcassets */ = {isa = PBXFileReference; lastKnownFileType = folder.assetcatalog; path = Assets.xcassets; sourceTree = "<group>"; };
		4626400C2B7F90EF00F5F22C /* Preview Assets.xcassets */ = {isa = PBXFileReference; lastKnownFileType = folder.assetcatalog; path = "Preview Assets.xcassets"; sourceTree = "<group>"; };
		462640142B7F918800F5F22C /* Models.swift */ = {isa = PBXFileReference; lastKnownFileType = sourcecode.swift; path = Models.swift; sourceTree = "<group>"; };
		462640162B7F971100F5F22C /* APIManager.swift */ = {isa = PBXFileReference; lastKnownFileType = sourcecode.swift; path = APIManager.swift; sourceTree = "<group>"; };
		462640192B7F997300F5F22C /* CharactersListView.swift */ = {isa = PBXFileReference; lastKnownFileType = sourcecode.swift; path = CharactersListView.swift; sourceTree = "<group>"; };
		4626401B2B7F998000F5F22C /* CharactersListViewModel.swift */ = {isa = PBXFileReference; lastKnownFileType = sourcecode.swift; path = CharactersListViewModel.swift; sourceTree = "<group>"; };
		4626401D2B7FA3C300F5F22C /* CharactersListCell.swift */ = {isa = PBXFileReference; lastKnownFileType = sourcecode.swift; path = CharactersListCell.swift; sourceTree = "<group>"; };
		4626401F2B7FC22000F5F22C /* CharactersDetailsView.swift */ = {isa = PBXFileReference; lastKnownFileType = sourcecode.swift; path = CharactersDetailsView.swift; sourceTree = "<group>"; };
		462640232B80AC9A00F5F22C /* EpisodeCellView.swift */ = {isa = PBXFileReference; lastKnownFileType = sourcecode.swift; path = EpisodeCellView.swift; sourceTree = "<group>"; };
		462640252B80AE1700F5F22C /* EpisodeDetailsView.swift */ = {isa = PBXFileReference; lastKnownFileType = sourcecode.swift; path = EpisodeDetailsView.swift; sourceTree = "<group>"; };
		462640272B80D5F500F5F22C /* CharacterDetailsViewModel.swift */ = {isa = PBXFileReference; lastKnownFileType = sourcecode.swift; path = CharacterDetailsViewModel.swift; sourceTree = "<group>"; };
		462640292B80DF8600F5F22C /* EpisodeDetailsViewModel.swift */ = {isa = PBXFileReference; lastKnownFileType = sourcecode.swift; path = EpisodeDetailsViewModel.swift; sourceTree = "<group>"; };
/* End PBXFileReference section */

/* Begin PBXFrameworksBuildPhase section */
		46263FFF2B7F90EF00F5F22C /* Frameworks */ = {
			isa = PBXFrameworksBuildPhase;
			buildActionMask = 2147483647;
			files = (
			);
			runOnlyForDeploymentPostprocessing = 0;
		};
/* End PBXFrameworksBuildPhase section */

/* Begin PBXGroup section */
		46263FF92B7F90EF00F5F22C = {
			isa = PBXGroup;
			children = (
				462640042B7F90EF00F5F22C /* RickAndMortyTask */,
				462640032B7F90EF00F5F22C /* Products */,
			);
			sourceTree = "<group>";
		};
		462640032B7F90EF00F5F22C /* Products */ = {
			isa = PBXGroup;
			children = (
				462640022B7F90EF00F5F22C /* RickAndMortyTask.app */,
			);
			name = Products;
			sourceTree = "<group>";
		};
		462640042B7F90EF00F5F22C /* RickAndMortyTask */ = {
			isa = PBXGroup;
			children = (
				462640162B7F971100F5F22C /* APIManager.swift */,
				462640182B7F995800F5F22C /* Views */,
				462640132B7F916500F5F22C /* Models */,
				462640052B7F90EF00F5F22C /* RickAndMortyTaskApp.swift */,
				462640072B7F90EF00F5F22C /* ContentView.swift */,
				462640092B7F90EF00F5F22C /* Assets.xcassets */,
				4626400B2B7F90EF00F5F22C /* Preview Content */,
			);
			path = RickAndMortyTask;
			sourceTree = "<group>";
		};
		4626400B2B7F90EF00F5F22C /* Preview Content */ = {
			isa = PBXGroup;
			children = (
				4626400C2B7F90EF00F5F22C /* Preview Assets.xcassets */,
			);
			path = "Preview Content";
			sourceTree = "<group>";
		};
		462640132B7F916500F5F22C /* Models */ = {
			isa = PBXGroup;
			children = (
				462640142B7F918800F5F22C /* Models.swift */,
			);
			path = Models;
			sourceTree = "<group>";
		};
		462640182B7F995800F5F22C /* Views */ = {
			isa = PBXGroup;
			children = (
				462640192B7F997300F5F22C /* CharactersListView.swift */,
				4626401B2B7F998000F5F22C /* CharactersListViewModel.swift */,
				4626401D2B7FA3C300F5F22C /* CharactersListCell.swift */,
				4626401F2B7FC22000F5F22C /* CharactersDetailsView.swift */,
				462640272B80D5F500F5F22C /* CharacterDetailsViewModel.swift */,
				462640232B80AC9A00F5F22C /* EpisodeCellView.swift */,
				462640252B80AE1700F5F22C /* EpisodeDetailsView.swift */,
				462640292B80DF8600F5F22C /* EpisodeDetailsViewModel.swift */,
			);
			path = Views;
			sourceTree = "<group>";
		};
/* End PBXGroup section */

/* Begin PBXNativeTarget section */
		462640012B7F90EF00F5F22C /* RickAndMortyTask */ = {
			isa = PBXNativeTarget;
			buildConfigurationList = 462640102B7F90EF00F5F22C /* Build configuration list for PBXNativeTarget "RickAndMortyTask" */;
			buildPhases = (
				46263FFE2B7F90EF00F5F22C /* Sources */,
				46263FFF2B7F90EF00F5F22C /* Frameworks */,
				462640002B7F90EF00F5F22C /* Resources */,
			);
			buildRules = (
			);
			dependencies = (
			);
			name = RickAndMortyTask;
			productName = RickAndMortyTask;
			productReference = 462640022B7F90EF00F5F22C /* RickAndMortyTask.app */;
			productType = "com.apple.product-type.application";
		};
/* End PBXNativeTarget section */

/* Begin PBXProject section */
		46263FFA2B7F90EF00F5F22C /* Project object */ = {
			isa = PBXProject;
			attributes = {
				BuildIndependentTargetsInParallel = 1;
				LastSwiftUpdateCheck = 1430;
				LastUpgradeCheck = 1430;
				TargetAttributes = {
					462640012B7F90EF00F5F22C = {
						CreatedOnToolsVersion = 14.3;
					};
				};
			};
			buildConfigurationList = 46263FFD2B7F90EF00F5F22C /* Build configuration list for PBXProject "RickAndMortyTask" */;
			compatibilityVersion = "Xcode 14.0";
			developmentRegion = en;
			hasScannedForEncodings = 0;
			knownRegions = (
				en,
				Base,
			);
			mainGroup = 46263FF92B7F90EF00F5F22C;
			productRefGroup = 462640032B7F90EF00F5F22C /* Products */;
			projectDirPath = "";
			projectRoot = "";
			targets = (
				462640012B7F90EF00F5F22C /* RickAndMortyTask */,
			);
		};
/* End PBXProject section */

/* Begin PBXResourcesBuildPhase section */
		462640002B7F90EF00F5F22C /* Resources */ = {
			isa = PBXResourcesBuildPhase;
			buildActionMask = 2147483647;
			files = (
				4626400D2B7F90EF00F5F22C /* Preview Assets.xcassets in Resources */,
				4626400A2B7F90EF00F5F22C /* Assets.xcassets in Resources */,
			);
			runOnlyForDeploymentPostprocessing = 0;
		};
/* End PBXResourcesBuildPhase section */

/* Begin PBXSourcesBuildPhase section */
		46263FFE2B7F90EF00F5F22C /* Sources */ = {
			isa = PBXSourcesBuildPhase;
			buildActionMask = 2147483647;
			files = (
				4626401C2B7F998000F5F22C /* CharactersListViewModel.swift in Sources */,
				462640172B7F971100F5F22C /* APIManager.swift in Sources */,
				4626401A2B7F997300F5F22C /* CharactersListView.swift in Sources */,
				462640152B7F918800F5F22C /* Models.swift in Sources */,
				462640082B7F90EF00F5F22C /* ContentView.swift in Sources */,
				4626401E2B7FA3C300F5F22C /* CharactersListCell.swift in Sources */,
				462640062B7F90EF00F5F22C /* RickAndMortyTaskApp.swift in Sources */,
				4626402A2B80DF8600F5F22C /* EpisodeDetailsViewModel.swift in Sources */,
				462640242B80AC9A00F5F22C /* EpisodeCellView.swift in Sources */,
				462640282B80D5F500F5F22C /* CharacterDetailsViewModel.swift in Sources */,
				462640202B7FC22000F5F22C /* CharactersDetailsView.swift in Sources */,
				462640262B80AE1700F5F22C /* EpisodeDetailsView.swift in Sources */,
			);
			runOnlyForDeploymentPostprocessing = 0;
		};
/* End PBXSourcesBuildPhase section */

/* Begin XCBuildConfiguration section */
		4626400E2B7F90EF00F5F22C /* Debug */ = {
			isa = XCBuildConfiguration;
			buildSettings = {
				ALWAYS_SEARCH_USER_PATHS = NO;
				CLANG_ANALYZER_NONNULL = YES;
				CLANG_ANALYZER_NUMBER_OBJECT_CONVERSION = YES_AGGRESSIVE;
				CLANG_CXX_LANGUAGE_STANDARD = "gnu++20";
				CLANG_ENABLE_MODULES = YES;
				CLANG_ENABLE_OBJC_ARC = YES;
				CLANG_ENABLE_OBJC_WEAK = YES;
				CLANG_WARN_BLOCK_CAPTURE_AUTORELEASING = YES;
				CLANG_WARN_BOOL_CONVERSION = YES;
				CLANG_WARN_COMMA = YES;
				CLANG_WARN_CONSTANT_CONVERSION = YES;
				CLANG_WARN_DEPRECATED_OBJC_IMPLEMENTATIONS = YES;
				CLANG_WARN_DIRECT_OBJC_ISA_USAGE = YES_ERROR;
				CLANG_WARN_DOCUMENTATION_COMMENTS = YES;
				CLANG_WARN_EMPTY_BODY = YES;
				CLANG_WARN_ENUM_CONVERSION = YES;
				CLANG_WARN_INFINITE_RECURSION = YES;
				CLANG_WARN_INT_CONVERSION = YES;
				CLANG_WARN_NON_LITERAL_NULL_CONVERSION = YES;
				CLANG_WARN_OBJC_IMPLICIT_RETAIN_SELF = YES;
				CLANG_WARN_OBJC_LITERAL_CONVERSION = YES;
				CLANG_WARN_OBJC_ROOT_CLASS = YES_ERROR;
				CLANG_WARN_QUOTED_INCLUDE_IN_FRAMEWORK_HEADER = YES;
				CLANG_WARN_RANGE_LOOP_ANALYSIS = YES;
				CLANG_WARN_STRICT_PROTOTYPES = YES;
				CLANG_WARN_SUSPICIOUS_MOVE = YES;
				CLANG_WARN_UNGUARDED_AVAILABILITY = YES_AGGRESSIVE;
				CLANG_WARN_UNREACHABLE_CODE = YES;
				CLANG_WARN__DUPLICATE_METHOD_MATCH = YES;
				COPY_PHASE_STRIP = NO;
				DEBUG_INFORMATION_FORMAT = dwarf;
				ENABLE_STRICT_OBJC_MSGSEND = YES;
				ENABLE_TESTABILITY = YES;
				GCC_C_LANGUAGE_STANDARD = gnu11;
				GCC_DYNAMIC_NO_PIC = NO;
				GCC_NO_COMMON_BLOCKS = YES;
				GCC_OPTIMIZATION_LEVEL = 0;
				GCC_PREPROCESSOR_DEFINITIONS = (
					"DEBUG=1",
					"$(inherited)",
				);
				GCC_WARN_64_TO_32_BIT_CONVERSION = YES;
				GCC_WARN_ABOUT_RETURN_TYPE = YES_ERROR;
				GCC_WARN_UNDECLARED_SELECTOR = YES;
				GCC_WARN_UNINITIALIZED_AUTOS = YES_AGGRESSIVE;
				GCC_WARN_UNUSED_FUNCTION = YES;
				GCC_WARN_UNUSED_VARIABLE = YES;
				IPHONEOS_DEPLOYMENT_TARGET = 16.4;
				MTL_ENABLE_DEBUG_INFO = INCLUDE_SOURCE;
				MTL_FAST_MATH = YES;
				ONLY_ACTIVE_ARCH = YES;
				SDKROOT = iphoneos;
				SWIFT_ACTIVE_COMPILATION_CONDITIONS = DEBUG;
				SWIFT_OPTIMIZATION_LEVEL = "-Onone";
			};
			name = Debug;
		};
		4626400F2B7F90EF00F5F22C /* Release */ = {
			isa = XCBuildConfiguration;
			buildSettings = {
				ALWAYS_SEARCH_USER_PATHS = NO;
				CLANG_ANALYZER_NONNULL = YES;
				CLANG_ANALYZER_NUMBER_OBJECT_CONVERSION = YES_AGGRESSIVE;
				CLANG_CXX_LANGUAGE_STANDARD = "gnu++20";
				CLANG_ENABLE_MODULES = YES;
				CLANG_ENABLE_OBJC_ARC = YES;
				CLANG_ENABLE_OBJC_WEAK = YES;
				CLANG_WARN_BLOCK_CAPTURE_AUTORELEASING = YES;
				CLANG_WARN_BOOL_CONVERSION = YES;
				CLANG_WARN_COMMA = YES;
				CLANG_WARN_CONSTANT_CONVERSION = YES;
				CLANG_WARN_DEPRECATED_OBJC_IMPLEMENTATIONS = YES;
				CLANG_WARN_DIRECT_OBJC_ISA_USAGE = YES_ERROR;
				CLANG_WARN_DOCUMENTATION_COMMENTS = YES;
				CLANG_WARN_EMPTY_BODY = YES;
				CLANG_WARN_ENUM_CONVERSION = YES;
				CLANG_WARN_INFINITE_RECURSION = YES;
				CLANG_WARN_INT_CONVERSION = YES;
				CLANG_WARN_NON_LITERAL_NULL_CONVERSION = YES;
				CLANG_WARN_OBJC_IMPLICIT_RETAIN_SELF = YES;
				CLANG_WARN_OBJC_LITERAL_CONVERSION = YES;
				CLANG_WARN_OBJC_ROOT_CLASS = YES_ERROR;
				CLANG_WARN_QUOTED_INCLUDE_IN_FRAMEWORK_HEADER = YES;
				CLANG_WARN_RANGE_LOOP_ANALYSIS = YES;
				CLANG_WARN_STRICT_PROTOTYPES = YES;
				CLANG_WARN_SUSPICIOUS_MOVE = YES;
				CLANG_WARN_UNGUARDED_AVAILABILITY = YES_AGGRESSIVE;
				CLANG_WARN_UNREACHABLE_CODE = YES;
				CLANG_WARN__DUPLICATE_METHOD_MATCH = YES;
				COPY_PHASE_STRIP = NO;
				DEBUG_INFORMATION_FORMAT = "dwarf-with-dsym";
				ENABLE_NS_ASSERTIONS = NO;
				ENABLE_STRICT_OBJC_MSGSEND = YES;
				GCC_C_LANGUAGE_STANDARD = gnu11;
				GCC_NO_COMMON_BLOCKS = YES;
				GCC_WARN_64_TO_32_BIT_CONVERSION = YES;
				GCC_WARN_ABOUT_RETURN_TYPE = YES_ERROR;
				GCC_WARN_UNDECLARED_SELECTOR = YES;
				GCC_WARN_UNINITIALIZED_AUTOS = YES_AGGRESSIVE;
				GCC_WARN_UNUSED_FUNCTION = YES;
				GCC_WARN_UNUSED_VARIABLE = YES;
				IPHONEOS_DEPLOYMENT_TARGET = 16.4;
				MTL_ENABLE_DEBUG_INFO = NO;
				MTL_FAST_MATH = YES;
				SDKROOT = iphoneos;
				SWIFT_COMPILATION_MODE = wholemodule;
				SWIFT_OPTIMIZATION_LEVEL = "-O";
				VALIDATE_PRODUCT = YES;
			};
			name = Release;
		};
		462640112B7F90EF00F5F22C /* Debug */ = {
			isa = XCBuildConfiguration;
			buildSettings = {
				ASSETCATALOG_COMPILER_APPICON_NAME = AppIcon;
				ASSETCATALOG_COMPILER_GLOBAL_ACCENT_COLOR_NAME = AccentColor;
				CODE_SIGN_STYLE = Automatic;
				CURRENT_PROJECT_VERSION = 1;
				DEVELOPMENT_ASSET_PATHS = "\"RickAndMortyTask/Preview Content\"";
				DEVELOPMENT_TEAM = 22NX7WBF6A;
				ENABLE_PREVIEWS = YES;
				GENERATE_INFOPLIST_FILE = YES;
				INFOPLIST_KEY_UIApplicationSceneManifest_Generation = YES;
				INFOPLIST_KEY_UIApplicationSupportsIndirectInputEvents = YES;
				INFOPLIST_KEY_UILaunchScreen_Generation = YES;
				INFOPLIST_KEY_UISupportedInterfaceOrientations_iPad = "UIInterfaceOrientationPortrait UIInterfaceOrientationPortraitUpsideDown UIInterfaceOrientationLandscapeLeft UIInterfaceOrientationLandscapeRight";
				INFOPLIST_KEY_UISupportedInterfaceOrientations_iPhone = "UIInterfaceOrientationPortrait UIInterfaceOrientationLandscapeLeft UIInterfaceOrientationLandscapeRight";
				LD_RUNPATH_SEARCH_PATHS = (
					"$(inherited)",
					"@executable_path/Frameworks",
				);
				MARKETING_VERSION = 1.0;
				PRODUCT_BUNDLE_IDENTIFIER = patka.RickAndMortyTask;
				PRODUCT_NAME = "$(TARGET_NAME)";
				SWIFT_EMIT_LOC_STRINGS = YES;
				SWIFT_VERSION = 5.0;
				TARGETED_DEVICE_FAMILY = "1,2";
			};
			name = Debug;
		};
		462640122B7F90EF00F5F22C /* Release */ = {
			isa = XCBuildConfiguration;
			buildSettings = {
				ASSETCATALOG_COMPILER_APPICON_NAME = AppIcon;
				ASSETCATALOG_COMPILER_GLOBAL_ACCENT_COLOR_NAME = AccentColor;
				CODE_SIGN_STYLE = Automatic;
				CURRENT_PROJECT_VERSION = 1;
				DEVELOPMENT_ASSET_PATHS = "\"RickAndMortyTask/Preview Content\"";
				DEVELOPMENT_TEAM = 22NX7WBF6A;
				ENABLE_PREVIEWS = YES;
				GENERATE_INFOPLIST_FILE = YES;
				INFOPLIST_KEY_UIApplicationSceneManifest_Generation = YES;
				INFOPLIST_KEY_UIApplicationSupportsIndirectInputEvents = YES;
				INFOPLIST_KEY_UILaunchScreen_Generation = YES;
				INFOPLIST_KEY_UISupportedInterfaceOrientations_iPad = "UIInterfaceOrientationPortrait UIInterfaceOrientationPortraitUpsideDown UIInterfaceOrientationLandscapeLeft UIInterfaceOrientationLandscapeRight";
				INFOPLIST_KEY_UISupportedInterfaceOrientations_iPhone = "UIInterfaceOrientationPortrait UIInterfaceOrientationLandscapeLeft UIInterfaceOrientationLandscapeRight";
				LD_RUNPATH_SEARCH_PATHS = (
					"$(inherited)",
					"@executable_path/Frameworks",
				);
				MARKETING_VERSION = 1.0;
				PRODUCT_BUNDLE_IDENTIFIER = patka.RickAndMortyTask;
				PRODUCT_NAME = "$(TARGET_NAME)";
				SWIFT_EMIT_LOC_STRINGS = YES;
				SWIFT_VERSION = 5.0;
				TARGETED_DEVICE_FAMILY = "1,2";
			};
			name = Release;
		};
/* End XCBuildConfiguration section */

/* Begin XCConfigurationList section */
		46263FFD2B7F90EF00F5F22C /* Build configuration list for PBXProject "RickAndMortyTask" */ = {
			isa = XCConfigurationList;
			buildConfigurations = (
				4626400E2B7F90EF00F5F22C /* Debug */,
				4626400F2B7F90EF00F5F22C /* Release */,
			);
			defaultConfigurationIsVisible = 0;
			defaultConfigurationName = Release;
		};
		462640102B7F90EF00F5F22C /* Build configuration list for PBXNativeTarget "RickAndMortyTask" */ = {
			isa = XCConfigurationList;
			buildConfigurations = (
				462640112B7F90EF00F5F22C /* Debug */,
				462640122B7F90EF00F5F22C /* Release */,
			);
			defaultConfigurationIsVisible = 0;
			defaultConfigurationName = Release;
		};
/* End XCConfigurationList section */
	};
	rootObject = 46263FFA2B7F90EF00F5F22C /* Project object */;
}
